{
  "nodes": {
    "nixpkgs": {
      "locked": {
        "lastModified": 0,
        "narHash": "sha256-UvhjON7sx/ALhJJPMSoUSJ4pvMGvHqvjEOX/AA7AjjM=",
        "path": "/nix/store/r7v61ryzzq60fkzq0kiljbh326l3a32k-source",
        "type": "path"
      },
      "original": {
        "id": "nixpkgs",
        "type": "indirect"
      }
    },
    "root": {
      "inputs": {
        "nixpkgs": "nixpkgs"
      }
    }
  },
  "root": "root",
  "version": 7
}
